
Microsoft Visual Studio Solution File, Format Version 12.00
# Visual Studio Version 17
VisualStudioVersion = 17.7.34024.191
MinimumVisualStudioVersion = 10.0.40219.1
Project("{FAE04EC0-301F-11D3-BF4B-00C04F79EFBC}") = "Serverofapp", "Serverofapp.csproj", "{FAB492E7-5EE1-46B3-B58D-B974BF98012A}"
EndProject
Global
	GlobalSection(SolutionConfigurationPlatforms) = preSolution
		Debug|Any CPU = Debug|Any CPU
		Release|Any CPU = Release|Any CPU
	EndGlobalSection
	GlobalSection(ProjectConfigurationPlatforms) = postSolution
		{FAB492E7-5EE1-46B3-B58D-B974BF98012A}.Debug|Any CPU.ActiveCfg = Debug|Any CPU
		{FAB492E7-5EE1-46B3-B58D-B974BF98012A}.Debug|Any CPU.Build.0 = Debug|Any CPU
		{FAB492E7-5EE1-46B3-B58D-B974BF98012A}.Release|Any CPU.ActiveCfg = Release|Any CPU
		{FAB492E7-5EE1-46B3-B58D-B974BF98012A}.Release|Any CPU.Build.0 = Release|Any CPU
	EndGlobalSection
	GlobalSection(SolutionProperties) = preSolution
		HideSolutionNode = FALSE
	EndGlobalSection
	GlobalSection(ExtensibilityGlobals) = postSolution
		SolutionGuid = {E0F8E7DA-A39B-49F0-89C0-D8540DFBD914}
	EndGlobalSection
EndGlobal
